
Microsoft Visual Studio Solution File, Format Version 12.00
# Visual Studio Express 2012 for Windows Desktop
Project("{FAE04EC0-301F-11D3-BF4B-00C04F79EFBC}") = "DragonWar.Client", "DragonWar.Client\DragonWar.Client.csproj", "{68C96125-A65A-4F76-8532-FBED16A4E65F}"
EndProject
Project("{FAE04EC0-301F-11D3-BF4B-00C04F79EFBC}") = "DragonWar.Service", "DragonWar.Service\DragonWar.Service.csproj", "{4E5401B9-360F-463B-953E-23C81015D075}"
EndProject
Project("{FAE04EC0-301F-11D3-BF4B-00C04F79EFBC}") = "DragonWar.MatchServer", "DragonWar.MatchServer\DragonWar.MatchServer.csproj", "{262E52C0-154C-4DAC-B18F-A69D6A24B7F7}"
EndProject
Project("{FAE04EC0-301F-11D3-BF4B-00C04F79EFBC}") = "DragonWar.Lib", "DragonWar.Lib\DragonWar.Lib.csproj", "{1CAA880B-8467-43E9-A700-95736C1E0FF9}"
EndProject
Global
	GlobalSection(SolutionConfigurationPlatforms) = preSolution
		Debug|Any CPU = Debug|Any CPU
		Release|Any CPU = Release|Any CPU
	EndGlobalSection
	GlobalSection(ProjectConfigurationPlatforms) = postSolution
		{68C96125-A65A-4F76-8532-FBED16A4E65F}.Debug|Any CPU.ActiveCfg = Debug|Any CPU
		{68C96125-A65A-4F76-8532-FBED16A4E65F}.Debug|Any CPU.Build.0 = Debug|Any CPU
		{68C96125-A65A-4F76-8532-FBED16A4E65F}.Release|Any CPU.ActiveCfg = Release|Any CPU
		{68C96125-A65A-4F76-8532-FBED16A4E65F}.Release|Any CPU.Build.0 = Release|Any CPU
		{4E5401B9-360F-463B-953E-23C81015D075}.Debug|Any CPU.ActiveCfg = Debug|Any CPU
		{4E5401B9-360F-463B-953E-23C81015D075}.Debug|Any CPU.Build.0 = Debug|Any CPU
		{4E5401B9-360F-463B-953E-23C81015D075}.Release|Any CPU.ActiveCfg = Release|Any CPU
		{4E5401B9-360F-463B-953E-23C81015D075}.Release|Any CPU.Build.0 = Release|Any CPU
		{262E52C0-154C-4DAC-B18F-A69D6A24B7F7}.Debug|Any CPU.ActiveCfg = Debug|Any CPU
		{262E52C0-154C-4DAC-B18F-A69D6A24B7F7}.Debug|Any CPU.Build.0 = Debug|Any CPU
		{262E52C0-154C-4DAC-B18F-A69D6A24B7F7}.Release|Any CPU.ActiveCfg = Release|Any CPU
		{262E52C0-154C-4DAC-B18F-A69D6A24B7F7}.Release|Any CPU.Build.0 = Release|Any CPU
		{1CAA880B-8467-43E9-A700-95736C1E0FF9}.Debug|Any CPU.ActiveCfg = Debug|Any CPU
		{1CAA880B-8467-43E9-A700-95736C1E0FF9}.Debug|Any CPU.Build.0 = Debug|Any CPU
		{1CAA880B-8467-43E9-A700-95736C1E0FF9}.Release|Any CPU.ActiveCfg = Release|Any CPU
		{1CAA880B-8467-43E9-A700-95736C1E0FF9}.Release|Any CPU.Build.0 = Release|Any CPU
	EndGlobalSection
	GlobalSection(SolutionProperties) = preSolution
		HideSolutionNode = FALSE
	EndGlobalSection
EndGlobal
